{
  "name": "lua-nelua-workerd-prototype",
  "version": "0.1.0",
  "lockfileVersion": 3,
  "requires": true,
  "packages": {
    "": {
      "name": "lua-nelua-workerd-prototype",
      "version": "0.1.0",
      "devDependencies": { "workerd": "1.20260911.1" },
      "engines": { "node": ">=22.16.0" }
    },
    "node_modules/@cloudflare/workerd-darwin-64": {
      "version": "1.20260911.1",
      "resolved": "https://registry.npmjs.org/@cloudflare/workerd-darwin-64/-/workerd-darwin-64-1.20260911.1.tgz",
      "integrity": "sha512-785eaY1bkR1cm4Z/PCUeteZYmTMe6lre2zz63/GdGGimsoMsKxgl4brFPRukim8iv28EyD1XoCB/VPYF20BERA==",
      "cpu": ["x64"], "dev": true, "license": "Apache-2.0", "optional": true, "os": ["darwin"], "engines": {"node": ">=16"}
    },
    "node_modules/@cloudflare/workerd-darwin-arm64": {
      "version": "1.20260911.1",
      "resolved": "https://registry.npmjs.org/@cloudflare/workerd-darwin-arm64/-/workerd-darwin-arm64-1.20260911.1.tgz",
      "integrity": "sha512-WU4bFqEN0H7ndGWxoedegv95DmNVBtv0ncXcHG9nYFTUI78sxEb0qoT3U6Ga4hyBkzsJFBX/zvVBIGX3qKldGA==",
      "cpu": ["arm64"], "dev": true, "license": "Apache-2.0", "optional": true, "os": ["darwin"], "engines": {"node": ">=16"}
    },
    "node_modules/@cloudflare/workerd-linux-64": {
      "version": "1.20260911.1",
      "resolved": "https://registry.npmjs.org/@cloudflare/workerd-linux-64/-/workerd-linux-64-1.20260911.1.tgz",
      "integrity": "sha512-0Y2gy62oxQxWa38qinSPE6zNL5+JmumJtDY9AWW1HB8KHuATxN71o5MGzmVFfB8PwZsiHfUd2Sv7O22krCOrhw==",
      "cpu": ["x64"], "dev": true, "license": "Apache-2.0", "optional": true, "os": ["linux"], "engines": {"node": ">=16"}
    },
    "node_modules/@cloudflare/workerd-linux-arm64": {
      "version": "1.20260911.1",
      "resolved": "https://registry.npmjs.org/@cloudflare/workerd-linux-arm64/-/workerd-linux-arm64-1.20260911.1.tgz",
      "integrity": "sha512-kttNPnx1r2lCqFUoMH62z7CqGV+j4QBbw5fdtaz4pzOrzBv0AWkNATt7onFUe+SwP8zhcepMtbm2F4kKzTf6VA==",
      "cpu": ["arm64"], "dev": true, "license": "Apache-2.0", "optional": true, "os": ["linux"], "engines": {"node": ">=16"}
    },
    "node_modules/@cloudflare/workerd-windows-64": {
      "version": "1.20260911.1",
      "resolved": "https://registry.npmjs.org/@cloudflare/workerd-windows-64/-/workerd-windows-64-1.20260911.1.tgz",
      "integrity": "sha512-5iO/YfoBDOgO3CrHdkiiVP8SL3O2jC+c6Ux3d378TSPKLhU5+CgHjtE/ZSodWQrzr4FzFRqdW8S7n5nbyD1MHQ==",
      "cpu": ["x64"], "dev": true, "license": "Apache-2.0", "optional": true, "os": ["win32"], "engines": {"node": ">=16"}
    },
    "node_modules/workerd": {
      "version": "1.20260911.1",
      "resolved": "https://registry.npmjs.org/workerd/-/workerd-1.20260911.1.tgz",
      "integrity": "sha512-vRr8QdBxueQOZJO1hRCI73EZlix87IAyBAcSyI3rA1VB+6oxjw3oaqzYnIV8C4IOPtUgihbdMAgzkb5GM4V7DQ==",
      "dev": true, "hasInstallScript": true, "license": "Apache-2.0",
      "bin": { "workerd": "bin/workerd" }, "engines": { "node": ">=16" },
      "optionalDependencies": {
        "@cloudflare/workerd-darwin-64": "1.20260911.1",
        "@cloudflare/workerd-darwin-arm64": "1.20260911.1",
        "@cloudflare/workerd-linux-64": "1.20260911.1",
        "@cloudflare/workerd-linux-arm64": "1.20260911.1",
        "@cloudflare/workerd-windows-64": "1.20260911.1"
      }
    }
  }
}
